
Microsoft Visual Studio Solution File, Format Version 12.00
# Visual Studio 15
VisualStudioVersion = 15.0.28010.0
MinimumVisualStudioVersion = 10.0.40219.1
Project("{FAE04EC0-301F-11D3-BF4B-00C04F79EFBC}") = "NetShopApp.Console", "NetShopApp.Console\NetShopApp.Console.csproj", "{F2C7C788-1686-429C-9481-A3EBF0090DE9}"
EndProject
Project("{FAE04EC0-301F-11D3-BF4B-00C04F79EFBC}") = "NetShopApp.Models", "NetShopApp.Models\NetShopApp.Models.csproj", "{953C8662-A624-4BB6-82A9-09A85BAAA282}"
EndProject
Project("{FAE04EC0-301F-11D3-BF4B-00C04F79EFBC}") = "NetShopApp.Service", "NetShopApp.Service\NetShopApp.Service.csproj", "{6568914B-44E1-41F7-8DA8-E48DA822B9CA}"
EndProject
Project("{FAE04EC0-301F-11D3-BF4B-00C04F79EFBC}") = "NetShopApp.DataAccess", "NetShopApp.DataAccess\NetShopApp.DataAccess.csproj", "{B0969060-EFC0-4752-9F1B-FB3D9866CC8C}"
EndProject
Global
	GlobalSection(SolutionConfigurationPlatforms) = preSolution
		Debug|Any CPU = Debug|Any CPU
		Release|Any CPU = Release|Any CPU
	EndGlobalSection
	GlobalSection(ProjectConfigurationPlatforms) = postSolution
		{F2C7C788-1686-429C-9481-A3EBF0090DE9}.Debug|Any CPU.ActiveCfg = Debug|Any CPU
		{F2C7C788-1686-429C-9481-A3EBF0090DE9}.Debug|Any CPU.Build.0 = Debug|Any CPU
		{F2C7C788-1686-429C-9481-A3EBF0090DE9}.Release|Any CPU.ActiveCfg = Release|Any CPU
		{F2C7C788-1686-429C-9481-A3EBF0090DE9}.Release|Any CPU.Build.0 = Release|Any CPU
		{953C8662-A624-4BB6-82A9-09A85BAAA282}.Debug|Any CPU.ActiveCfg = Debug|Any CPU
		{953C8662-A624-4BB6-82A9-09A85BAAA282}.Debug|Any CPU.Build.0 = Debug|Any CPU
		{953C8662-A624-4BB6-82A9-09A85BAAA282}.Release|Any CPU.ActiveCfg = Release|Any CPU
		{953C8662-A624-4BB6-82A9-09A85BAAA282}.Release|Any CPU.Build.0 = Release|Any CPU
		{6568914B-44E1-41F7-8DA8-E48DA822B9CA}.Debug|Any CPU.ActiveCfg = Debug|Any CPU
		{6568914B-44E1-41F7-8DA8-E48DA822B9CA}.Debug|Any CPU.Build.0 = Debug|Any CPU
		{6568914B-44E1-41F7-8DA8-E48DA822B9CA}.Release|Any CPU.ActiveCfg = Release|Any CPU
		{6568914B-44E1-41F7-8DA8-E48DA822B9CA}.Release|Any CPU.Build.0 = Release|Any CPU
		{B0969060-EFC0-4752-9F1B-FB3D9866CC8C}.Debug|Any CPU.ActiveCfg = Debug|Any CPU
		{B0969060-EFC0-4752-9F1B-FB3D9866CC8C}.Debug|Any CPU.Build.0 = Debug|Any CPU
		{B0969060-EFC0-4752-9F1B-FB3D9866CC8C}.Release|Any CPU.ActiveCfg = Release|Any CPU
		{B0969060-EFC0-4752-9F1B-FB3D9866CC8C}.Release|Any CPU.Build.0 = Release|Any CPU
	EndGlobalSection
	GlobalSection(SolutionProperties) = preSolution
		HideSolutionNode = FALSE
	EndGlobalSection
	GlobalSection(ExtensibilityGlobals) = postSolution
		SolutionGuid = {6BF06D85-1680-4753-B0A0-2E6C4AE52FF6}
	EndGlobalSection
EndGlobal
